
Microsoft Visual Studio Solution File, Format Version 12.00
# Visual Studio Version 17
VisualStudioVersion = 17.7.34003.232
MinimumVisualStudioVersion = 10.0.40219.1
Project("{FAE04EC0-301F-11D3-BF4B-00C04F79EFBC}") = "3Y_2324_IP2_Demo_Dialog", "3Y_2324_IP2_Demo_Dialog\3Y_2324_IP2_Demo_Dialog.csproj", "{E245BD52-F8E0-4444-B7E6-2CD9F2E554C5}"
EndProject
Global
	GlobalSection(SolutionConfigurationPlatforms) = preSolution
		Debug|Any CPU = Debug|Any CPU
		Release|Any CPU = Release|Any CPU
	EndGlobalSection
	GlobalSection(ProjectConfigurationPlatforms) = postSolution
		{E245BD52-F8E0-4444-B7E6-2CD9F2E554C5}.Debug|Any CPU.ActiveCfg = Debug|Any CPU
		{E245BD52-F8E0-4444-B7E6-2CD9F2E554C5}.Debug|Any CPU.Build.0 = Debug|Any CPU
		{E245BD52-F8E0-4444-B7E6-2CD9F2E554C5}.Release|Any CPU.ActiveCfg = Release|Any CPU
		{E245BD52-F8E0-4444-B7E6-2CD9F2E554C5}.Release|Any CPU.Build.0 = Release|Any CPU
	EndGlobalSection
	GlobalSection(SolutionProperties) = preSolution
		HideSolutionNode = FALSE
	EndGlobalSection
	GlobalSection(ExtensibilityGlobals) = postSolution
		SolutionGuid = {509D9EC8-EC8E-4FEF-A2E5-5D5B09A23006}
	EndGlobalSection
EndGlobal
